
Microsoft Visual Studio Solution File, Format Version 12.00
# Visual Studio 14
VisualStudioVersion = 14.0.24720.0
MinimumVisualStudioVersion = 10.0.40219.1
Project("{2150E333-8FDC-42A3-9474-1A3956D46DE8}") = "Server", "Server", "{3034D0F8-DF2C-4D16-8CF1-0D58A52A52E3}"
EndProject
Project("{2150E333-8FDC-42A3-9474-1A3956D46DE8}") = "Data", "Data", "{4CD82231-89A7-433D-8173-D3997F4F055B}"
EndProject
Project("{2150E333-8FDC-42A3-9474-1A3956D46DE8}") = "Web", "Web", "{FF25DB4A-8BF3-48D8-9B6C-E7F5FFF17F0A}"
EndProject
Project("{FAE04EC0-301F-11D3-BF4B-00C04F79EFBC}") = "JustQuest.Server.Data.Models", "Server\Data\JustQuest.Server.Data.Models\JustQuest.Server.Data.Models.csproj", "{322B9977-198C-43B0-8BFD-2F404770895F}"
EndProject
Project("{FAE04EC0-301F-11D3-BF4B-00C04F79EFBC}") = "JustQuest.Server.Data", "Server\Data\JustQuest.Server.Data\JustQuest.Server.Data.csproj", "{3490A3FE-0745-4C45-8C06-DACDDE031F37}"
EndProject
Project("{FAE04EC0-301F-11D3-BF4B-00C04F79EFBC}") = "JustQuest.Server.Web", "Server\Web\JustQuest.Server.Web\JustQuest.Server.Web.csproj", "{49BBC2D9-15F9-4A34-BBFB-447A5FEFF496}"
EndProject
Project("{2150E333-8FDC-42A3-9474-1A3956D46DE8}") = "Client", "Client", "{9096B00E-A8D1-40DD-9BC8-4DC36EF6D2DA}"
EndProject
Project("{FAE04EC0-301F-11D3-BF4B-00C04F79EFBC}") = "JustQuest.UI", "Client\JustQuest.UI\JustQuest.UI.csproj", "{4BCD9942-DD8D-47B4-B77F-14D91BC0DB34}"
EndProject
Global
	GlobalSection(SolutionConfigurationPlatforms) = preSolution
		Debug|Any CPU = Debug|Any CPU
		Debug|ARM = Debug|ARM
		Debug|x64 = Debug|x64
		Debug|x86 = Debug|x86
		Release|Any CPU = Release|Any CPU
		Release|ARM = Release|ARM
		Release|x64 = Release|x64
		Release|x86 = Release|x86
	EndGlobalSection
	GlobalSection(ProjectConfigurationPlatforms) = postSolution
		{322B9977-198C-43B0-8BFD-2F404770895F}.Debug|Any CPU.ActiveCfg = Debug|Any CPU
		{322B9977-198C-43B0-8BFD-2F404770895F}.Debug|Any CPU.Build.0 = Debug|Any CPU
		{322B9977-198C-43B0-8BFD-2F404770895F}.Debug|ARM.ActiveCfg = Debug|Any CPU
		{322B9977-198C-43B0-8BFD-2F404770895F}.Debug|ARM.Build.0 = Debug|Any CPU
		{322B9977-198C-43B0-8BFD-2F404770895F}.Debug|x64.ActiveCfg = Debug|Any CPU
		{322B9977-198C-43B0-8BFD-2F404770895F}.Debug|x64.Build.0 = Debug|Any CPU
		{322B9977-198C-43B0-8BFD-2F404770895F}.Debug|x86.ActiveCfg = Debug|Any CPU
		{322B9977-198C-43B0-8BFD-2F404770895F}.Debug|x86.Build.0 = Debug|Any CPU
		{322B9977-198C-43B0-8BFD-2F404770895F}.Release|Any CPU.ActiveCfg = Release|Any CPU
		{322B9977-198C-43B0-8BFD-2F404770895F}.Release|Any CPU.Build.0 = Release|Any CPU
		{322B9977-198C-43B0-8BFD-2F404770895F}.Release|ARM.ActiveCfg = Release|Any CPU
		{322B9977-198C-43B0-8BFD-2F404770895F}.Release|ARM.Build.0 = Release|Any CPU
		{322B9977-198C-43B0-8BFD-2F404770895F}.Release|x64.ActiveCfg = Release|Any CPU
		{322B9977-198C-43B0-8BFD-2F404770895F}.Release|x64.Build.0 = Release|Any CPU
		{322B9977-198C-43B0-8BFD-2F404770895F}.Release|x86.ActiveCfg = Release|Any CPU
		{322B9977-198C-43B0-8BFD-2F404770895F}.Release|x86.Build.0 = Release|Any CPU
		{3490A3FE-0745-4C45-8C06-DACDDE031F37}.Debug|Any CPU.ActiveCfg = Debug|Any CPU
		{3490A3FE-0745-4C45-8C06-DACDDE031F37}.Debug|Any CPU.Build.0 = Debug|Any CPU
		{3490A3FE-0745-4C45-8C06-DACDDE031F37}.Debug|ARM.ActiveCfg = Debug|Any CPU
		{3490A3FE-0745-4C45-8C06-DACDDE031F37}.Debug|ARM.Build.0 = Debug|Any CPU
		{3490A3FE-0745-4C45-8C06-DACDDE031F37}.Debug|x64.ActiveCfg = Debug|Any CPU
		{3490A3FE-0745-4C45-8C06-DACDDE031F37}.Debug|x64.Build.0 = Debug|Any CPU
		{3490A3FE-0745-4C45-8C06-DACDDE031F37}.Debug|x86.ActiveCfg = Debug|Any CPU
		{3490A3FE-0745-4C45-8C06-DACDDE031F37}.Debug|x86.Build.0 = Debug|Any CPU
		{3490A3FE-0745-4C45-8C06-DACDDE031F37}.Release|Any CPU.ActiveCfg = Release|Any CPU
		{3490A3FE-0745-4C45-8C06-DACDDE031F37}.Release|Any CPU.Build.0 = Release|Any CPU
		{3490A3FE-0745-4C45-8C06-DACDDE031F37}.Release|ARM.ActiveCfg = Release|Any CPU
		{3490A3FE-0745-4C45-8C06-DACDDE031F37}.Release|ARM.Build.0 = Release|Any CPU
		{3490A3FE-0745-4C45-8C06-DACDDE031F37}.Release|x64.ActiveCfg = Release|Any CPU
		{3490A3FE-0745-4C45-8C06-DACDDE031F37}.Release|x64.Build.0 = Release|Any CPU
		{3490A3FE-0745-4C45-8C06-DACDDE031F37}.Release|x86.ActiveCfg = Release|Any CPU
		{3490A3FE-0745-4C45-8C06-DACDDE031F37}.Release|x86.Build.0 = Release|Any CPU
		{49BBC2D9-15F9-4A34-BBFB-447A5FEFF496}.Debug|Any CPU.ActiveCfg = Debug|Any CPU
		{49BBC2D9-15F9-4A34-BBFB-447A5FEFF496}.Debug|Any CPU.Build.0 = Debug|Any CPU
		{49BBC2D9-15F9-4A34-BBFB-447A5FEFF496}.Debug|ARM.ActiveCfg = Debug|Any CPU
		{49BBC2D9-15F9-4A34-BBFB-447A5FEFF496}.Debug|ARM.Build.0 = Debug|Any CPU
		{49BBC2D9-15F9-4A34-BBFB-447A5FEFF496}.Debug|x64.ActiveCfg = Debug|Any CPU
		{49BBC2D9-15F9-4A34-BBFB-447A5FEFF496}.Debug|x64.Build.0 = Debug|Any CPU
		{49BBC2D9-15F9-4A34-BBFB-447A5FEFF496}.Debug|x86.ActiveCfg = Debug|Any CPU
		{49BBC2D9-15F9-4A34-BBFB-447A5FEFF496}.Debug|x86.Build.0 = Debug|Any CPU
		{49BBC2D9-15F9-4A34-BBFB-447A5FEFF496}.Release|Any CPU.ActiveCfg = Release|Any CPU
		{49BBC2D9-15F9-4A34-BBFB-447A5FEFF496}.Release|Any CPU.Build.0 = Release|Any CPU
		{49BBC2D9-15F9-4A34-BBFB-447A5FEFF496}.Release|ARM.ActiveCfg = Release|Any CPU
		{49BBC2D9-15F9-4A34-BBFB-447A5FEFF496}.Release|ARM.Build.0 = Release|Any CPU
		{49BBC2D9-15F9-4A34-BBFB-447A5FEFF496}.Release|x64.ActiveCfg = Release|Any CPU
		{49BBC2D9-15F9-4A34-BBFB-447A5FEFF496}.Release|x64.Build.0 = Release|Any CPU
		{49BBC2D9-15F9-4A34-BBFB-447A5FEFF496}.Release|x86.ActiveCfg = Release|Any CPU
		{49BBC2D9-15F9-4A34-BBFB-447A5FEFF496}.Release|x86.Build.0 = Release|Any CPU
		{4BCD9942-DD8D-47B4-B77F-14D91BC0DB34}.Debug|Any CPU.ActiveCfg = Debug|x86
		{4BCD9942-DD8D-47B4-B77F-14D91BC0DB34}.Debug|Any CPU.Build.0 = Debug|x86
		{4BCD9942-DD8D-47B4-B77F-14D91BC0DB34}.Debug|Any CPU.Deploy.0 = Debug|x86
		{4BCD9942-DD8D-47B4-B77F-14D91BC0DB34}.Debug|ARM.ActiveCfg = Debug|ARM
		{4BCD9942-DD8D-47B4-B77F-14D91BC0DB34}.Debug|ARM.Build.0 = Debug|ARM
		{4BCD9942-DD8D-47B4-B77F-14D91BC0DB34}.Debug|ARM.Deploy.0 = Debug|ARM
		{4BCD9942-DD8D-47B4-B77F-14D91BC0DB34}.Debug|x64.ActiveCfg = Debug|x64
		{4BCD9942-DD8D-47B4-B77F-14D91BC0DB34}.Debug|x64.Build.0 = Debug|x64
		{4BCD9942-DD8D-47B4-B77F-14D91BC0DB34}.Debug|x64.Deploy.0 = Debug|x64
		{4BCD9942-DD8D-47B4-B77F-14D91BC0DB34}.Debug|x86.ActiveCfg = Debug|x86
		{4BCD9942-DD8D-47B4-B77F-14D91BC0DB34}.Debug|x86.Build.0 = Debug|x86
		{4BCD9942-DD8D-47B4-B77F-14D91BC0DB34}.Debug|x86.Deploy.0 = Debug|x86
		{4BCD9942-DD8D-47B4-B77F-14D91BC0DB34}.Release|Any CPU.ActiveCfg = Release|x86
		{4BCD9942-DD8D-47B4-B77F-14D91BC0DB34}.Release|ARM.ActiveCfg = Release|ARM
		{4BCD9942-DD8D-47B4-B77F-14D91BC0DB34}.Release|ARM.Build.0 = Release|ARM
		{4BCD9942-DD8D-47B4-B77F-14D91BC0DB34}.Release|ARM.Deploy.0 = Release|ARM
		{4BCD9942-DD8D-47B4-B77F-14D91BC0DB34}.Release|x64.ActiveCfg = Release|x64
		{4BCD9942-DD8D-47B4-B77F-14D91BC0DB34}.Release|x64.Build.0 = Release|x64
		{4BCD9942-DD8D-47B4-B77F-14D91BC0DB34}.Release|x64.Deploy.0 = Release|x64
		{4BCD9942-DD8D-47B4-B77F-14D91BC0DB34}.Release|x86.ActiveCfg = Release|x86
		{4BCD9942-DD8D-47B4-B77F-14D91BC0DB34}.Release|x86.Build.0 = Release|x86
		{4BCD9942-DD8D-47B4-B77F-14D91BC0DB34}.Release|x86.Deploy.0 = Release|x86
	EndGlobalSection
	GlobalSection(SolutionProperties) = preSolution
		HideSolutionNode = FALSE
	EndGlobalSection
	GlobalSection(NestedProjects) = preSolution
		{4CD82231-89A7-433D-8173-D3997F4F055B} = {3034D0F8-DF2C-4D16-8CF1-0D58A52A52E3}
		{FF25DB4A-8BF3-48D8-9B6C-E7F5FFF17F0A} = {3034D0F8-DF2C-4D16-8CF1-0D58A52A52E3}
		{322B9977-198C-43B0-8BFD-2F404770895F} = {4CD82231-89A7-433D-8173-D3997F4F055B}
		{3490A3FE-0745-4C45-8C06-DACDDE031F37} = {4CD82231-89A7-433D-8173-D3997F4F055B}
		{49BBC2D9-15F9-4A34-BBFB-447A5FEFF496} = {FF25DB4A-8BF3-48D8-9B6C-E7F5FFF17F0A}
		{4BCD9942-DD8D-47B4-B77F-14D91BC0DB34} = {9096B00E-A8D1-40DD-9BC8-4DC36EF6D2DA}
	EndGlobalSection
EndGlobal
